PODS:
  - BLECore (4.0.8):
    - Logging (= 4.0.8)
  - BoseWearable (4.0.8):
    - BLECore (= 4.0.8)
    - Logging (= 4.0.8)
  - Logging (4.0.8)

DEPENDENCIES:
  - BLECore (from `BoseWearable-iOS-bin-4.0.8/`)
  - BoseWearable (from `BoseWearable-iOS-bin-4.0.8/`)
  - Logging (from `BoseWearable-iOS-bin-4.0.8/`)

EXTERNAL SOURCES:
  BLECore:
    :path: BoseWearable-iOS-bin-4.0.8/
  BoseWearable:
    :path: BoseWearable-iOS-bin-4.0.8/
  Logging:
    :path: BoseWearable-iOS-bin-4.0.8/

SPEC CHECKSUMS:
  BLECore: 550f1f5e9c61d2651763c92ad46870b2d75ea215
  BoseWearable: d383b576def76c3e0bcadabed171cef00be33dcd
  Logging: a266fd6834adc9d314f48ca5a747feb7f561a50d

PODFILE CHECKSUM: 32191ef4fd03d73aafd3ba63a3cec1b30885fe57

COCOAPODS: 1.6.2
