PODS:
  - Alamofire (4.8.2)
  - BLECore (4.0.8):
    - Logging (= 4.0.8)
  - BoseWearable (4.0.8):
    - BLECore (= 4.0.8)
    - Logging (= 4.0.8)
  - Logging (4.0.8)

DEPENDENCIES:
  - Alamofire (~> 4.8.1)
  - BLECore (from `BoseWearable-iOS-bin-4.0.8/`)
  - BoseWearable (from `BoseWearable-iOS-bin-4.0.8/`)
  - Logging (from `BoseWearable-iOS-bin-4.0.8/`)

SPEC REPOS:
  https://github.com/cocoapods/specs.git:
    - Alamofire

EXTERNAL SOURCES:
  BLECore:
    :path: BoseWearable-iOS-bin-4.0.8/
  BoseWearable:
    :path: BoseWearable-iOS-bin-4.0.8/
  Logging:
    :path: BoseWearable-iOS-bin-4.0.8/

SPEC CHECKSUMS:
  Alamofire: ae5c501addb7afdbb13687d7f2f722c78734c2d3
  BLECore: 66201cd79e9acde48d95fb7e4b7e9c5a86a17121
  BoseWearable: 99e4fde335b54c93820336d938c5499c1f16ad1f
  Logging: 6532aa2593d0b66b077fc391fce6f6ed94e98f11

PODFILE CHECKSUM: 8b60a5f5bc9e4ee6a83cf12624b28e9939625e4d

COCOAPODS: 1.5.3
