// !$*UTF8*$!
{
	archiveVersion = 1;
	classes = {
	};
	objectVersion = 51;
	objects = {

/* Begin PBXBuildFile section */
		2B6DD8BB22C650B800F05436 /* AppDelegate.swift in Sources */ = {isa = PBXBuildFile; fileRef = 2B6DD8BA22C650B800F05436 /* AppDelegate.swift */; };
		2B6DD8BD22C650B800F05436 /* ViewController.swift in Sources */ = {isa = PBXBuildFile; fileRef = 2B6DD8BC22C650B800F05436 /* ViewController.swift */; };
		2B6DD8C022C650B800F05436 /* Main.storyboard in Resources */ = {isa = PBXBuildFile; fileRef = 2B6DD8BE22C650B800F05436 /* Main.storyboard */; };
		2B6DD8C222C650B900F05436 /* Assets.xcassets in Resources */ = {isa = PBXBuildFile; fileRef = 2B6DD8C122C650B900F05436 /* Assets.xcassets */; };
		2B6DD8C522C650B900F05436 /* LaunchScreen.storyboard in Resources */ = {isa = PBXBuildFile; fileRef = 2B6DD8C322C650B900F05436 /* LaunchScreen.storyboard */; };
		2B6DD8D022C650B900F05436 /* BoseARTests.swift in Sources */ = {isa = PBXBuildFile; fileRef = 2B6DD8CF22C650B900F05436 /* BoseARTests.swift */; };
		2B6DDA9A22C667F400F05436 /* SessionManager.swift in Sources */ = {isa = PBXBuildFile; fileRef = 2B6DDA9922C667F400F05436 /* SessionManager.swift */; };
		2B6DDA9E22C6693B00F05436 /* WearableSessionError.swift in Sources */ = {isa = PBXBuildFile; fileRef = 2B6DDA9D22C6693B00F05436 /* WearableSessionError.swift */; };
		2B6DDAA222C7DE7C00F05436 /* TrackManager.swift in Sources */ = {isa = PBXBuildFile; fileRef = 2B6DDAA122C7DE7C00F05436 /* TrackManager.swift */; };
		2B6DDAA822C7FBB900F05436 /* NetworkManager.swift in Sources */ = {isa = PBXBuildFile; fileRef = 2B6DDAA722C7FBB900F05436 /* NetworkManager.swift */; };
		2B6DDAAA22C803AE00F05436 /* Track.swift in Sources */ = {isa = PBXBuildFile; fileRef = 2B6DDAA922C803AE00F05436 /* Track.swift */; };
		396BDD7CCB00B8C2BEBD9EB5 /* Pods_BoseARTests.framework in Frameworks */ = {isa = PBXBuildFile; fileRef = B873987A41C7383D305FD201 /* Pods_BoseARTests.framework */; };
		5960AA9F22C7D429006AC2C9 /* SoundZone.swift in Sources */ = {isa = PBXBuildFile; fileRef = 5960AA9E22C7D429006AC2C9 /* SoundZone.swift */; };
		5960AAA222C7E1AD006AC2C9 /* SoundRegion.swift in Sources */ = {isa = PBXBuildFile; fileRef = 5960AAA122C7E1AD006AC2C9 /* SoundRegion.swift */; };
		5996397522C8490500856799 /* UIViewController.swift in Sources */ = {isa = PBXBuildFile; fileRef = 5996397422C8490500856799 /* UIViewController.swift */; };
		E67166DF476BE2240BB60363 /* Pods_BoseAR.framework in Frameworks */ = {isa = PBXBuildFile; fileRef = 8AA55C34B49F84C90100988C /* Pods_BoseAR.framework */; };
/* End PBXBuildFile section */

/* Begin PBXContainerItemProxy section */
		2B6DD8CC22C650B900F05436 /* PBXContainerItemProxy */ = {
			isa = PBXContainerItemProxy;
			containerPortal = 2B6DD8AF22C650B800F05436 /* Project object */;
			proxyType = 1;
			remoteGlobalIDString = 2B6DD8B622C650B800F05436;
			remoteInfo = BoseAR;
		};
/* End PBXContainerItemProxy section */

/* Begin PBXFileReference section */
		115504DA72A37BCC4487FA7F /* Pods-BoseARTests.debug.xcconfig */ = {isa = PBXFileReference; includeInIndex = 1; lastKnownFileType = text.xcconfig; name = "Pods-BoseARTests.debug.xcconfig"; path = "Pods/Target Support Files/Pods-BoseARTests/Pods-BoseARTests.debug.xcconfig"; sourceTree = "<group>"; };
		2B6DD8B722C650B800F05436 /* BoseAR.app */ = {isa = PBXFileReference; explicitFileType = wrapper.application; includeInIndex = 0; path = BoseAR.app; sourceTree = BUILT_PRODUCTS_DIR; };
		2B6DD8BA22C650B800F05436 /* AppDelegate.swift */ = {isa = PBXFileReference; lastKnownFileType = sourcecode.swift; path = AppDelegate.swift; sourceTree = "<group>"; };
		2B6DD8BC22C650B800F05436 /* ViewController.swift */ = {isa = PBXFileReference; lastKnownFileType = sourcecode.swift; path = ViewController.swift; sourceTree = "<group>"; };
		2B6DD8BF22C650B800F05436 /* Base */ = {isa = PBXFileReference; lastKnownFileType = file.storyboard; name = Base; path = Base.lproj/Main.storyboard; sourceTree = "<group>"; };
		2B6DD8C122C650B900F05436 /* Assets.xcassets */ = {isa = PBXFileReference; lastKnownFileType = folder.assetcatalog; path = Assets.xcassets; sourceTree = "<group>"; };
		2B6DD8C422C650B900F05436 /* Base */ = {isa = PBXFileReference; lastKnownFileType = file.storyboard; name = Base; path = Base.lproj/LaunchScreen.storyboard; sourceTree = "<group>"; };
		2B6DD8C622C650B900F05436 /* Info.plist */ = {isa = PBXFileReference; lastKnownFileType = text.plist.xml; path = Info.plist; sourceTree = "<group>"; };
		2B6DD8CB22C650B900F05436 /* BoseARTests.xctest */ = {isa = PBXFileReference; explicitFileType = wrapper.cfbundle; includeInIndex = 0; path = BoseARTests.xctest; sourceTree = BUILT_PRODUCTS_DIR; };
		2B6DD8CF22C650B900F05436 /* BoseARTests.swift */ = {isa = PBXFileReference; lastKnownFileType = sourcecode.swift; path = BoseARTests.swift; sourceTree = "<group>"; };
		2B6DD8D122C650B900F05436 /* Info.plist */ = {isa = PBXFileReference; lastKnownFileType = text.plist.xml; path = Info.plist; sourceTree = "<group>"; };
		2B6DDA9922C667F400F05436 /* SessionManager.swift */ = {isa = PBXFileReference; lastKnownFileType = sourcecode.swift; path = SessionManager.swift; sourceTree = "<group>"; };
		2B6DDA9D22C6693B00F05436 /* WearableSessionError.swift */ = {isa = PBXFileReference; lastKnownFileType = sourcecode.swift; path = WearableSessionError.swift; sourceTree = "<group>"; };
		2B6DDAA122C7DE7C00F05436 /* TrackManager.swift */ = {isa = PBXFileReference; lastKnownFileType = sourcecode.swift; path = TrackManager.swift; sourceTree = "<group>"; };
		2B6DDAA722C7FBB900F05436 /* NetworkManager.swift */ = {isa = PBXFileReference; lastKnownFileType = sourcecode.swift; path = NetworkManager.swift; sourceTree = "<group>"; };
		2B6DDAA922C803AE00F05436 /* Track.swift */ = {isa = PBXFileReference; lastKnownFileType = sourcecode.swift; path = Track.swift; sourceTree = "<group>"; };
		5960AA9E22C7D429006AC2C9 /* SoundZone.swift */ = {isa = PBXFileReference; lastKnownFileType = sourcecode.swift; path = SoundZone.swift; sourceTree = "<group>"; };
		5960AAA122C7E1AD006AC2C9 /* SoundRegion.swift */ = {isa = PBXFileReference; lastKnownFileType = sourcecode.swift; path = SoundRegion.swift; sourceTree = "<group>"; };
		5996397422C8490500856799 /* UIViewController.swift */ = {isa = PBXFileReference; lastKnownFileType = sourcecode.swift; path = UIViewController.swift; sourceTree = "<group>"; };
		8AA55C34B49F84C90100988C /* Pods_BoseAR.framework */ = {isa = PBXFileReference; explicitFileType = wrapper.framework; includeInIndex = 0; path = Pods_BoseAR.framework; sourceTree = BUILT_PRODUCTS_DIR; };
		B873987A41C7383D305FD201 /* Pods_BoseARTests.framework */ = {isa = PBXFileReference; explicitFileType = wrapper.framework; includeInIndex = 0; path = Pods_BoseARTests.framework; sourceTree = BUILT_PRODUCTS_DIR; };
		CD4E625925181220E3B239FC /* Pods-BoseAR.release.xcconfig */ = {isa = PBXFileReference; includeInIndex = 1; lastKnownFileType = text.xcconfig; name = "Pods-BoseAR.release.xcconfig"; path = "Pods/Target Support Files/Pods-BoseAR/Pods-BoseAR.release.xcconfig"; sourceTree = "<group>"; };
		D4186FDBE5A42362B4D3F65A /* Pods-BoseARTests.release.xcconfig */ = {isa = PBXFileReference; includeInIndex = 1; lastKnownFileType = text.xcconfig; name = "Pods-BoseARTests.release.xcconfig"; path = "Pods/Target Support Files/Pods-BoseARTests/Pods-BoseARTests.release.xcconfig"; sourceTree = "<group>"; };
		EC268134EF5015EFFF2B3F7C /* Pods-BoseAR.debug.xcconfig */ = {isa = PBXFileReference; includeInIndex = 1; lastKnownFileType = text.xcconfig; name = "Pods-BoseAR.debug.xcconfig"; path = "Pods/Target Support Files/Pods-BoseAR/Pods-BoseAR.debug.xcconfig"; sourceTree = "<group>"; };
/* End PBXFileReference section */

/* Begin PBXFrameworksBuildPhase section */
		2B6DD8B422C650B800F05436 /* Frameworks */ = {
			isa = PBXFrameworksBuildPhase;
			buildActionMask = 2147483647;
			files = (
				E67166DF476BE2240BB60363 /* Pods_BoseAR.framework in Frameworks */,
			);
			runOnlyForDeploymentPostprocessing = 0;
		};
		2B6DD8C822C650B900F05436 /* Frameworks */ = {
			isa = PBXFrameworksBuildPhase;
			buildActionMask = 2147483647;
			files = (
				396BDD7CCB00B8C2BEBD9EB5 /* Pods_BoseARTests.framework in Frameworks */,
			);
			runOnlyForDeploymentPostprocessing = 0;
		};
/* End PBXFrameworksBuildPhase section */

/* Begin PBXGroup section */
		2B6DD8AE22C650B800F05436 = {
			isa = PBXGroup;
			children = (
				2B6DD8B922C650B800F05436 /* BoseAR */,
				2B6DD8CE22C650B900F05436 /* BoseARTests */,
				2B6DD8B822C650B800F05436 /* Products */,
				E9EE61E6AE822D8B6D8CC1F6 /* Pods */,
				92A4E062770DB89C349E29E2 /* Frameworks */,
			);
			sourceTree = "<group>";
		};
		2B6DD8B822C650B800F05436 /* Products */ = {
			isa = PBXGroup;
			children = (
				2B6DD8B722C650B800F05436 /* BoseAR.app */,
				2B6DD8CB22C650B900F05436 /* BoseARTests.xctest */,
			);
			name = Products;
			sourceTree = "<group>";
		};
		2B6DD8B922C650B800F05436 /* BoseAR */ = {
			isa = PBXGroup;
			children = (
				5996397322C848F600856799 /* Extensions */,
				5960AAA022C7E197006AC2C9 /* New Group */,
				5960AA9B22C7D3D1006AC2C9 /* Model */,
				2B6DD8BA22C650B800F05436 /* AppDelegate.swift */,
				2B6DD8BC22C650B800F05436 /* ViewController.swift */,
				5960AA9E22C7D429006AC2C9 /* SoundZone.swift */,
				2B6DDA9C22C6692500F05436 /* Enums */,
				2B6DDA9B22C6691D00F05436 /* Managers */,
				2B6DD8BE22C650B800F05436 /* Main.storyboard */,
				2B6DD8C122C650B900F05436 /* Assets.xcassets */,
				2B6DD8C322C650B900F05436 /* LaunchScreen.storyboard */,
				2B6DD8C622C650B900F05436 /* Info.plist */,
			);
			path = BoseAR;
			sourceTree = "<group>";
		};
		2B6DD8CE22C650B900F05436 /* BoseARTests */ = {
			isa = PBXGroup;
			children = (
				2B6DD8CF22C650B900F05436 /* BoseARTests.swift */,
				2B6DD8D122C650B900F05436 /* Info.plist */,
			);
			path = BoseARTests;
			sourceTree = "<group>";
		};
		2B6DDA9B22C6691D00F05436 /* Managers */ = {
			isa = PBXGroup;
			children = (
				2B6DDA9922C667F400F05436 /* SessionManager.swift */,
				2B6DDAA122C7DE7C00F05436 /* TrackManager.swift */,
				2B6DDAA722C7FBB900F05436 /* NetworkManager.swift */,
			);
			path = Managers;
			sourceTree = "<group>";
		};
		2B6DDA9C22C6692500F05436 /* Enums */ = {
			isa = PBXGroup;
			children = (
				2B6DDA9D22C6693B00F05436 /* WearableSessionError.swift */,
			);
			path = Enums;
			sourceTree = "<group>";
		};
		5960AA9B22C7D3D1006AC2C9 /* Model */ = {
			isa = PBXGroup;
			children = (
				2B6DDAA922C803AE00F05436 /* Track.swift */,
			);
			path = Model;
			sourceTree = "<group>";
		};
		5960AAA022C7E197006AC2C9 /* New Group */ = {
			isa = PBXGroup;
			children = (
				5960AAA122C7E1AD006AC2C9 /* SoundRegion.swift */,
			);
			path = "New Group";
			sourceTree = "<group>";
		};
		5996397322C848F600856799 /* Extensions */ = {
			isa = PBXGroup;
			children = (
				5996397422C8490500856799 /* UIViewController.swift */,
			);
			path = Extensions;
			sourceTree = "<group>";
		};
		92A4E062770DB89C349E29E2 /* Frameworks */ = {
			isa = PBXGroup;
			children = (
				8AA55C34B49F84C90100988C /* Pods_BoseAR.framework */,
				B873987A41C7383D305FD201 /* Pods_BoseARTests.framework */,
			);
			name = Frameworks;
			sourceTree = "<group>";
		};
		E9EE61E6AE822D8B6D8CC1F6 /* Pods */ = {
			isa = PBXGroup;
			children = (
				EC268134EF5015EFFF2B3F7C /* Pods-BoseAR.debug.xcconfig */,
				CD4E625925181220E3B239FC /* Pods-BoseAR.release.xcconfig */,
				115504DA72A37BCC4487FA7F /* Pods-BoseARTests.debug.xcconfig */,
				D4186FDBE5A42362B4D3F65A /* Pods-BoseARTests.release.xcconfig */,
			);
			name = Pods;
			sourceTree = "<group>";
		};
/* End PBXGroup section */

/* Begin PBXNativeTarget section */
		2B6DD8B622C650B800F05436 /* BoseAR */ = {
			isa = PBXNativeTarget;
			buildConfigurationList = 2B6DD8D422C650B900F05436 /* Build configuration list for PBXNativeTarget "BoseAR" */;
			buildPhases = (
				DC2618461D9D201EF2D9E736 /* [CP] Check Pods Manifest.lock */,
				2B6DD8B322C650B800F05436 /* Sources */,
				2B6DD8B422C650B800F05436 /* Frameworks */,
				2B6DD8B522C650B800F05436 /* Resources */,
				776040DC0F4ACA3C9E9F7B32 /* [CP] Embed Pods Frameworks */,
			);
			buildRules = (
			);
			dependencies = (
			);
			name = BoseAR;
			productName = BoseAR;
			productReference = 2B6DD8B722C650B800F05436 /* BoseAR.app */;
			productType = "com.apple.product-type.application";
		};
		2B6DD8CA22C650B900F05436 /* BoseARTests */ = {
			isa = PBXNativeTarget;
			buildConfigurationList = 2B6DD8D722C650B900F05436 /* Build configuration list for PBXNativeTarget "BoseARTests" */;
			buildPhases = (
				6081A4267885CB5FB82A4D56 /* [CP] Check Pods Manifest.lock */,
				2B6DD8C722C650B900F05436 /* Sources */,
				2B6DD8C822C650B900F05436 /* Frameworks */,
				2B6DD8C922C650B900F05436 /* Resources */,
			);
			buildRules = (
			);
			dependencies = (
				2B6DD8CD22C650B900F05436 /* PBXTargetDependency */,
			);
			name = BoseARTests;
			productName = BoseARTests;
			productReference = 2B6DD8CB22C650B900F05436 /* BoseARTests.xctest */;
			productType = "com.apple.product-type.bundle.unit-test";
		};
/* End PBXNativeTarget section */

/* Begin PBXProject section */
		2B6DD8AF22C650B800F05436 /* Project object */ = {
			isa = PBXProject;
			attributes = {
				LastSwiftUpdateCheck = 1020;
				LastUpgradeCheck = 1020;
				ORGANIZATIONNAME = "Austin Welch";
				TargetAttributes = {
					2B6DD8B622C650B800F05436 = {
						CreatedOnToolsVersion = 10.2.1;
					};
					2B6DD8CA22C650B900F05436 = {
						CreatedOnToolsVersion = 10.2.1;
						TestTargetID = 2B6DD8B622C650B800F05436;
					};
				};
			};
			buildConfigurationList = 2B6DD8B222C650B800F05436 /* Build configuration list for PBXProject "BoseAR" */;
			compatibilityVersion = "Xcode 9.3";
			developmentRegion = en;
			hasScannedForEncodings = 0;
			knownRegions = (
				en,
				Base,
			);
			mainGroup = 2B6DD8AE22C650B800F05436;
			productRefGroup = 2B6DD8B822C650B800F05436 /* Products */;
			projectDirPath = "";
			projectRoot = "";
			targets = (
				2B6DD8B622C650B800F05436 /* BoseAR */,
				2B6DD8CA22C650B900F05436 /* BoseARTests */,
			);
		};
/* End PBXProject section */

/* Begin PBXResourcesBuildPhase section */
		2B6DD8B522C650B800F05436 /* Resources */ = {
			isa = PBXResourcesBuildPhase;
			buildActionMask = 2147483647;
			files = (
				2B6DD8C522C650B900F05436 /* LaunchScreen.storyboard in Resources */,
				2B6DD8C222C650B900F05436 /* Assets.xcassets in Resources */,
				2B6DD8C022C650B800F05436 /* Main.storyboard in Resources */,
			);
			runOnlyForDeploymentPostprocessing = 0;
		};
		2B6DD8C922C650B900F05436 /* Resources */ = {
			isa = PBXResourcesBuildPhase;
			buildActionMask = 2147483647;
			files = (
			);
			runOnlyForDeploymentPostprocessing = 0;
		};
/* End PBXResourcesBuildPhase section */

/* Begin PBXShellScriptBuildPhase section */
		6081A4267885CB5FB82A4D56 /* [CP] Check Pods Manifest.lock */ = {
			isa = PBXShellScriptBuildPhase;
			buildActionMask = 2147483647;
			files = (
			);
			inputFileListPaths = (
			);
			inputPaths = (
				"${PODS_PODFILE_DIR_PATH}/Podfile.lock",
				"${PODS_ROOT}/Manifest.lock",
			);
			name = "[CP] Check Pods Manifest.lock";
			outputFileListPaths = (
			);
			outputPaths = (
				"$(DERIVED_FILE_DIR)/Pods-BoseARTests-checkManifestLockResult.txt",
			);
			runOnlyForDeploymentPostprocessing = 0;
			shellPath = /bin/sh;
			shellScript = "diff \"${PODS_PODFILE_DIR_PATH}/Podfile.lock\" \"${PODS_ROOT}/Manifest.lock\" > /dev/null\nif [ $? != 0 ] ; then\n    # print error to STDERR\n    echo \"error: The sandbox is not in sync with the Podfile.lock. Run 'pod install' or update your CocoaPods installation.\" >&2\n    exit 1\nfi\n# This output is used by Xcode 'outputs' to avoid re-running this script phase.\necho \"SUCCESS\" > \"${SCRIPT_OUTPUT_FILE_0}\"\n";
			showEnvVarsInLog = 0;
		};
		776040DC0F4ACA3C9E9F7B32 /* [CP] Embed Pods Frameworks */ = {
			isa = PBXShellScriptBuildPhase;
			buildActionMask = 2147483647;
			files = (
			);
			inputFileListPaths = (
				"${PODS_ROOT}/Target Support Files/Pods-BoseAR/Pods-BoseAR-frameworks-${CONFIGURATION}-input-files.xcfilelist",
			);
			name = "[CP] Embed Pods Frameworks";
			outputFileListPaths = (
				"${PODS_ROOT}/Target Support Files/Pods-BoseAR/Pods-BoseAR-frameworks-${CONFIGURATION}-output-files.xcfilelist",
			);
			runOnlyForDeploymentPostprocessing = 0;
			shellPath = /bin/sh;
			shellScript = "\"${PODS_ROOT}/Target Support Files/Pods-BoseAR/Pods-BoseAR-frameworks.sh\"\n";
			showEnvVarsInLog = 0;
		};
		DC2618461D9D201EF2D9E736 /* [CP] Check Pods Manifest.lock */ = {
			isa = PBXShellScriptBuildPhase;
			buildActionMask = 2147483647;
			files = (
			);
			inputFileListPaths = (
			);
			inputPaths = (
				"${PODS_PODFILE_DIR_PATH}/Podfile.lock",
				"${PODS_ROOT}/Manifest.lock",
			);
			name = "[CP] Check Pods Manifest.lock";
			outputFileListPaths = (
			);
			outputPaths = (
				"$(DERIVED_FILE_DIR)/Pods-BoseAR-checkManifestLockResult.txt",
			);
			runOnlyForDeploymentPostprocessing = 0;
			shellPath = /bin/sh;
			shellScript = "diff \"${PODS_PODFILE_DIR_PATH}/Podfile.lock\" \"${PODS_ROOT}/Manifest.lock\" > /dev/null\nif [ $? != 0 ] ; then\n    # print error to STDERR\n    echo \"error: The sandbox is not in sync with the Podfile.lock. Run 'pod install' or update your CocoaPods installation.\" >&2\n    exit 1\nfi\n# This output is used by Xcode 'outputs' to avoid re-running this script phase.\necho \"SUCCESS\" > \"${SCRIPT_OUTPUT_FILE_0}\"\n";
			showEnvVarsInLog = 0;
		};
/* End PBXShellScriptBuildPhase section */

/* Begin PBXSourcesBuildPhase section */
		2B6DD8B322C650B800F05436 /* Sources */ = {
			isa = PBXSourcesBuildPhase;
			buildActionMask = 2147483647;
			files = (
				5996397522C8490500856799 /* UIViewController.swift in Sources */,
				2B6DD8BD22C650B800F05436 /* ViewController.swift in Sources */,
				2B6DDA9A22C667F400F05436 /* SessionManager.swift in Sources */,
				2B6DDAA222C7DE7C00F05436 /* TrackManager.swift in Sources */,
				2B6DDAA822C7FBB900F05436 /* NetworkManager.swift in Sources */,
				2B6DDAAA22C803AE00F05436 /* Track.swift in Sources */,
				5960AA9F22C7D429006AC2C9 /* SoundZone.swift in Sources */,
				2B6DDA9E22C6693B00F05436 /* WearableSessionError.swift in Sources */,
				5960AAA222C7E1AD006AC2C9 /* SoundRegion.swift in Sources */,
				2B6DD8BB22C650B800F05436 /* AppDelegate.swift in Sources */,
			);
			runOnlyForDeploymentPostprocessing = 0;
		};
		2B6DD8C722C650B900F05436 /* Sources */ = {
			isa = PBXSourcesBuildPhase;
			buildActionMask = 2147483647;
			files = (
				2B6DD8D022C650B900F05436 /* BoseARTests.swift in Sources */,
			);
			runOnlyForDeploymentPostprocessing = 0;
		};
/* End PBXSourcesBuildPhase section */

/* Begin PBXTargetDependency section */
		2B6DD8CD22C650B900F05436 /* PBXTargetDependency */ = {
			isa = PBXTargetDependency;
			target = 2B6DD8B622C650B800F05436 /* BoseAR */;
			targetProxy = 2B6DD8CC22C650B900F05436 /* PBXContainerItemProxy */;
		};
/* End PBXTargetDependency section */

/* Begin PBXVariantGroup section */
		2B6DD8BE22C650B800F05436 /* Main.storyboard */ = {
			isa = PBXVariantGroup;
			children = (
				2B6DD8BF22C650B800F05436 /* Base */,
			);
			name = Main.storyboard;
			sourceTree = "<group>";
		};
		2B6DD8C322C650B900F05436 /* LaunchScreen.storyboard */ = {
			isa = PBXVariantGroup;
			children = (
				2B6DD8C422C650B900F05436 /* Base */,
			);
			name = LaunchScreen.storyboard;
			sourceTree = "<group>";
		};
/* End PBXVariantGroup section */

/* Begin XCBuildConfiguration section */
		2B6DD8D222C650B900F05436 /* Debug */ = {
			isa = XCBuildConfiguration;
			buildSettings = {
				ALWAYS_SEARCH_USER_PATHS = NO;
				CLANG_ANALYZER_NONNULL = YES;
				CLANG_ANALYZER_NUMBER_OBJECT_CONVERSION = YES_AGGRESSIVE;
				CLANG_CXX_LANGUAGE_STANDARD = "gnu++14";
				CLANG_CXX_LIBRARY = "libc++";
				CLANG_ENABLE_MODULES = YES;
				CLANG_ENABLE_OBJC_ARC = YES;
				CLANG_ENABLE_OBJC_WEAK = YES;
				CLANG_WARN_BLOCK_CAPTURE_AUTORELEASING = YES;
				CLANG_WARN_BOOL_CONVERSION = YES;
				CLANG_WARN_COMMA = YES;
				CLANG_WARN_CONSTANT_CONVERSION = YES;
				CLANG_WARN_DEPRECATED_OBJC_IMPLEMENTATIONS = YES;
				CLANG_WARN_DIRECT_OBJC_ISA_USAGE = YES_ERROR;
				CLANG_WARN_DOCUMENTATION_COMMENTS = YES;
				CLANG_WARN_EMPTY_BODY = YES;
				CLANG_WARN_ENUM_CONVERSION = YES;
				CLANG_WARN_INFINITE_RECURSION = YES;
				CLANG_WARN_INT_CONVERSION = YES;
				CLANG_WARN_NON_LITERAL_NULL_CONVERSION = YES;
				CLANG_WARN_OBJC_IMPLICIT_RETAIN_SELF = YES;
				CLANG_WARN_OBJC_LITERAL_CONVERSION = YES;
				CLANG_WARN_OBJC_ROOT_CLASS = YES_ERROR;
				CLANG_WARN_RANGE_LOOP_ANALYSIS = YES;
				CLANG_WARN_STRICT_PROTOTYPES = YES;
				CLANG_WARN_SUSPICIOUS_MOVE = YES;
				CLANG_WARN_UNGUARDED_AVAILABILITY = YES_AGGRESSIVE;
				CLANG_WARN_UNREACHABLE_CODE = YES;
				CLANG_WARN__DUPLICATE_METHOD_MATCH = YES;
				CODE_SIGN_IDENTITY = "iPhone Developer";
				COPY_PHASE_STRIP = NO;
				DEBUG_INFORMATION_FORMAT = dwarf;
				ENABLE_STRICT_OBJC_MSGSEND = YES;
				ENABLE_TESTABILITY = YES;
				GCC_C_LANGUAGE_STANDARD = gnu11;
				GCC_DYNAMIC_NO_PIC = NO;
				GCC_NO_COMMON_BLOCKS = YES;
				GCC_OPTIMIZATION_LEVEL = 0;
				GCC_PREPROCESSOR_DEFINITIONS = (
					"DEBUG=1",
					"$(inherited)",
				);
				GCC_WARN_64_TO_32_BIT_CONVERSION = YES;
				GCC_WARN_ABOUT_RETURN_TYPE = YES_ERROR;
				GCC_WARN_UNDECLARED_SELECTOR = YES;
				GCC_WARN_UNINITIALIZED_AUTOS = YES_AGGRESSIVE;
				GCC_WARN_UNUSED_FUNCTION = YES;
				GCC_WARN_UNUSED_VARIABLE = YES;
				IPHONEOS_DEPLOYMENT_TARGET = 12.2;
				MTL_ENABLE_DEBUG_INFO = INCLUDE_SOURCE;
				MTL_FAST_MATH = YES;
				ONLY_ACTIVE_ARCH = YES;
				SDKROOT = iphoneos;
				SWIFT_ACTIVE_COMPILATION_CONDITIONS = DEBUG;
				SWIFT_OPTIMIZATION_LEVEL = "-Onone";
			};
			name = Debug;
		};
		2B6DD8D322C650B900F05436 /* Release */ = {
			isa = XCBuildConfiguration;
			buildSettings = {
				ALWAYS_SEARCH_USER_PATHS = NO;
				CLANG_ANALYZER_NONNULL = YES;
				CLANG_ANALYZER_NUMBER_OBJECT_CONVERSION = YES_AGGRESSIVE;
				CLANG_CXX_LANGUAGE_STANDARD = "gnu++14";
				CLANG_CXX_LIBRARY = "libc++";
				CLANG_ENABLE_MODULES = YES;
				CLANG_ENABLE_OBJC_ARC = YES;
				CLANG_ENABLE_OBJC_WEAK = YES;
				CLANG_WARN_BLOCK_CAPTURE_AUTORELEASING = YES;
				CLANG_WARN_BOOL_CONVERSION = YES;
				CLANG_WARN_COMMA = YES;
				CLANG_WARN_CONSTANT_CONVERSION = YES;
				CLANG_WARN_DEPRECATED_OBJC_IMPLEMENTATIONS = YES;
				CLANG_WARN_DIRECT_OBJC_ISA_USAGE = YES_ERROR;
				CLANG_WARN_DOCUMENTATION_COMMENTS = YES;
				CLANG_WARN_EMPTY_BODY = YES;
				CLANG_WARN_ENUM_CONVERSION = YES;
				CLANG_WARN_INFINITE_RECURSION = YES;
				CLANG_WARN_INT_CONVERSION = YES;
				CLANG_WARN_NON_LITERAL_NULL_CONVERSION = YES;
				CLANG_WARN_OBJC_IMPLICIT_RETAIN_SELF = YES;
				CLANG_WARN_OBJC_LITERAL_CONVERSION = YES;
				CLANG_WARN_OBJC_ROOT_CLASS = YES_ERROR;
				CLANG_WARN_RANGE_LOOP_ANALYSIS = YES;
				CLANG_WARN_STRICT_PROTOTYPES = YES;
				CLANG_WARN_SUSPICIOUS_MOVE = YES;
				CLANG_WARN_UNGUARDED_AVAILABILITY = YES_AGGRESSIVE;
				CLANG_WARN_UNREACHABLE_CODE = YES;
				CLANG_WARN__DUPLICATE_METHOD_MATCH = YES;
				CODE_SIGN_IDENTITY = "iPhone Developer";
				COPY_PHASE_STRIP = NO;
				DEBUG_INFORMATION_FORMAT = "dwarf-with-dsym";
				ENABLE_NS_ASSERTIONS = NO;
				ENABLE_STRICT_OBJC_MSGSEND = YES;
				GCC_C_LANGUAGE_STANDARD = gnu11;
				GCC_NO_COMMON_BLOCKS = YES;
				GCC_WARN_64_TO_32_BIT_CONVERSION = YES;
				GCC_WARN_ABOUT_RETURN_TYPE = YES_ERROR;
				GCC_WARN_UNDECLARED_SELECTOR = YES;
				GCC_WARN_UNINITIALIZED_AUTOS = YES_AGGRESSIVE;
				GCC_WARN_UNUSED_FUNCTION = YES;
				GCC_WARN_UNUSED_VARIABLE = YES;
				IPHONEOS_DEPLOYMENT_TARGET = 12.2;
				MTL_ENABLE_DEBUG_INFO = NO;
				MTL_FAST_MATH = YES;
				SDKROOT = iphoneos;
				SWIFT_COMPILATION_MODE = wholemodule;
				SWIFT_OPTIMIZATION_LEVEL = "-O";
				VALIDATE_PRODUCT = YES;
			};
			name = Release;
		};
		2B6DD8D522C650B900F05436 /* Debug */ = {
			isa = XCBuildConfiguration;
			baseConfigurationReference = EC268134EF5015EFFF2B3F7C /* Pods-BoseAR.debug.xcconfig */;
			buildSettings = {
				ASSETCATALOG_COMPILER_APPICON_NAME = AppIcon;
				CODE_SIGN_STYLE = Automatic;
				DEVELOPMENT_TEAM = VK9Q399257;
				FRAMEWORK_SEARCH_PATHS = (
					"$(inherited)",
					"$(PROJECT_DIR)",
					"$(PROJECT_DIR)/BoseWearable-iOS-bin-4.0.8/Frameworks/iOS",
				);
				INFOPLIST_FILE = BoseAR/Info.plist;
				LD_RUNPATH_SEARCH_PATHS = (
					"$(inherited)",
					"@executable_path/Frameworks",
				);
				PRODUCT_BUNDLE_IDENTIFIER = com.bose.boseAR.BoseAR;
				PRODUCT_NAME = "$(TARGET_NAME)";
				SWIFT_VERSION = 5.0;
				TARGETED_DEVICE_FAMILY = "1,2";
			};
			name = Debug;
		};
		2B6DD8D622C650B900F05436 /* Release */ = {
			isa = XCBuildConfiguration;
			baseConfigurationReference = CD4E625925181220E3B239FC /* Pods-BoseAR.release.xcconfig */;
			buildSettings = {
				ASSETCATALOG_COMPILER_APPICON_NAME = AppIcon;
				CODE_SIGN_STYLE = Automatic;
				DEVELOPMENT_TEAM = VK9Q399257;
				FRAMEWORK_SEARCH_PATHS = (
					"$(inherited)",
					"$(PROJECT_DIR)",
					"$(PROJECT_DIR)/BoseWearable-iOS-bin-4.0.8/Frameworks/iOS",
				);
				INFOPLIST_FILE = BoseAR/Info.plist;
				LD_RUNPATH_SEARCH_PATHS = (
					"$(inherited)",
					"@executable_path/Frameworks",
				);
				PRODUCT_BUNDLE_IDENTIFIER = com.bose.boseAR.BoseAR;
				PRODUCT_NAME = "$(TARGET_NAME)";
				SWIFT_VERSION = 5.0;
				TARGETED_DEVICE_FAMILY = "1,2";
			};
			name = Release;
		};
		2B6DD8D822C650B900F05436 /* Debug */ = {
			isa = XCBuildConfiguration;
			baseConfigurationReference = 115504DA72A37BCC4487FA7F /* Pods-BoseARTests.debug.xcconfig */;
			buildSettings = {
				ALWAYS_EMBED_SWIFT_STANDARD_LIBRARIES = YES;
				BUNDLE_LOADER = "$(TEST_HOST)";
				CODE_SIGN_STYLE = Automatic;
				DEVELOPMENT_TEAM = XYA5KJEM32;
				INFOPLIST_FILE = BoseARTests/Info.plist;
				LD_RUNPATH_SEARCH_PATHS = (
					"$(inherited)",
					"@executable_path/Frameworks",
					"@loader_path/Frameworks",
				);
				PRODUCT_BUNDLE_IDENTIFIER = com.bose.boseAR.BoseARTests;
				PRODUCT_NAME = "$(TARGET_NAME)";
				SWIFT_VERSION = 5.0;
				TARGETED_DEVICE_FAMILY = "1,2";
				TEST_HOST = "$(BUILT_PRODUCTS_DIR)/BoseAR.app/BoseAR";
			};
			name = Debug;
		};
		2B6DD8D922C650B900F05436 /* Release */ = {
			isa = XCBuildConfiguration;
			baseConfigurationReference = D4186FDBE5A42362B4D3F65A /* Pods-BoseARTests.release.xcconfig */;
			buildSettings = {
				ALWAYS_EMBED_SWIFT_STANDARD_LIBRARIES = YES;
				BUNDLE_LOADER = "$(TEST_HOST)";
				CODE_SIGN_STYLE = Automatic;
				DEVELOPMENT_TEAM = XYA5KJEM32;
				INFOPLIST_FILE = BoseARTests/Info.plist;
				LD_RUNPATH_SEARCH_PATHS = (
					"$(inherited)",
					"@executable_path/Frameworks",
					"@loader_path/Frameworks",
				);
				PRODUCT_BUNDLE_IDENTIFIER = com.bose.boseAR.BoseARTests;
				PRODUCT_NAME = "$(TARGET_NAME)";
				SWIFT_VERSION = 5.0;
				TARGETED_DEVICE_FAMILY = "1,2";
				TEST_HOST = "$(BUILT_PRODUCTS_DIR)/BoseAR.app/BoseAR";
			};
			name = Release;
		};
/* End XCBuildConfiguration section */

/* Begin XCConfigurationList section */
		2B6DD8B222C650B800F05436 /* Build configuration list for PBXProject "BoseAR" */ = {
			isa = XCConfigurationList;
			buildConfigurations = (
				2B6DD8D222C650B900F05436 /* Debug */,
				2B6DD8D322C650B900F05436 /* Release */,
			);
			defaultConfigurationIsVisible = 0;
			defaultConfigurationName = Release;
		};
		2B6DD8D422C650B900F05436 /* Build configuration list for PBXNativeTarget "BoseAR" */ = {
			isa = XCConfigurationList;
			buildConfigurations = (
				2B6DD8D522C650B900F05436 /* Debug */,
				2B6DD8D622C650B900F05436 /* Release */,
			);
			defaultConfigurationIsVisible = 0;
			defaultConfigurationName = Release;
		};
		2B6DD8D722C650B900F05436 /* Build configuration list for PBXNativeTarget "BoseARTests" */ = {
			isa = XCConfigurationList;
			buildConfigurations = (
				2B6DD8D822C650B900F05436 /* Debug */,
				2B6DD8D922C650B900F05436 /* Release */,
			);
			defaultConfigurationIsVisible = 0;
			defaultConfigurationName = Release;
		};
/* End XCConfigurationList section */
	};
	rootObject = 2B6DD8AF22C650B800F05436 /* Project object */;
}
